// !$*UTF8*$!
{
	archiveVersion = 1;
	classes = {
	};
	objectVersion = 46;
	objects = {

/* Begin PBXBuildFile section */
		317DCE651C60969300B1F56F /* main.m in Sources */ = {isa = PBXBuildFile; fileRef = 317DCE641C60969300B1F56F /* main.m */; };
		317DCE681C60969300B1F56F /* AppDelegate.m in Sources */ = {isa = PBXBuildFile; fileRef = 317DCE671C60969300B1F56F /* AppDelegate.m */; };
		317DCE6B1C60969300B1F56F /* ViewController.m in Sources */ = {isa = PBXBuildFile; fileRef = 317DCE6A1C60969300B1F56F /* ViewController.m */; };
		317DCE6E1C60969300B1F56F /* Main.storyboard in Resources */ = {isa = PBXBuildFile; fileRef = 317DCE6C1C60969300B1F56F /* Main.storyboard */; };
		317DCE701C60969300B1F56F /* Assets.xcassets in Resources */ = {isa = PBXBuildFile; fileRef = 317DCE6F1C60969300B1F56F /* Assets.xcassets */; };
		317DCE731C60969300B1F56F /* LaunchScreen.storyboard in Resources */ = {isa = PBXBuildFile; fileRef = 317DCE711C60969300B1F56F /* LaunchScreen.storyboard */; };
/* End PBXBuildFile section */

/* Begin PBXFileReference section */
		317DCE601C60969300B1F56F /* WolfTools.app */ = {isa = PBXFileReference; explicitFileType = wrapper.application; includeInIndex = 0; path = WolfTools.app; sourceTree = BUILT_PRODUCTS_DIR; };
		317DCE641C60969300B1F56F /* main.m */ = {isa = PBXFileReference; lastKnownFileType = sourcecode.c.objc; path = main.m; sourceTree = "<group>"; };
		317DCE661C60969300B1F56F /* AppDelegate.h */ = {isa = PBXFileReference; lastKnownFileType = sourcecode.c.h; path = AppDelegate.h; sourceTree = "<group>"; };
		317DCE671C60969300B1F56F /* AppDelegate.m */ = {isa = PBXFileReference; lastKnownFileType = sourcecode.c.objc; path = AppDelegate.m; sourceTree = "<group>"; };
		317DCE691C60969300B1F56F /* ViewController.h */ = {isa = PBXFileReference; lastKnownFileType = sourcecode.c.h; path = ViewController.h; sourceTree = "<group>"; };
		317DCE6A1C60969300B1F56F /* ViewController.m */ = {isa = PBXFileReference; lastKnownFileType = sourcecode.c.objc; path = ViewController.m; sourceTree = "<group>"; };
		317DCE6D1C60969300B1F56F /* Base */ = {isa = PBXFileReference; lastKnownFileType = file.storyboard; name = Base; path = Base.lproj/Main.storyboard; sourceTree = "<group>"; };
		317DCE6F1C60969300B1F56F /* Assets.xcassets */ = {isa = PBXFileReference; lastKnownFileType = folder.assetcatalog; path = Assets.xcassets; sourceTree = "<group>"; };
		317DCE721C60969300B1F56F /* Base */ = {isa = PBXFileReference; lastKnownFileType = file.storyboard; name = Base; path = Base.lproj/LaunchScreen.storyboard; sourceTree = "<group>"; };
		317DCE741C60969300B1F56F /* Info.plist */ = {isa = PBXFileReference; lastKnownFileType = text.plist.xml; path = Info.plist; sourceTree = "<group>"; };
/* End PBXFileReference section */

/* Begin PBXFrameworksBuildPhase section */
		317DCE5D1C60969300B1F56F /* Frameworks */ = {
			isa = PBXFrameworksBuildPhase;
			buildActionMask = 2147483647;
			files = (
			);
			runOnlyForDeploymentPostprocessing = 0;
		};
/* End PBXFrameworksBuildPhase section */

/* Begin PBXGroup section */
		317DCE571C60969300B1F56F = {
			isa = PBXGroup;
			children = (
				317DCE621C60969300B1F56F /* WolfTools */,
				317DCE611C60969300B1F56F /* Products */,
			);
			sourceTree = "<group>";
		};
		317DCE611C60969300B1F56F /* Products */ = {
			isa = PBXGroup;
			children = (
				317DCE601C60969300B1F56F /* WolfTools.app */,
			);
			name = Products;
			sourceTree = "<group>";
		};
		317DCE621C60969300B1F56F /* WolfTools */ = {
			isa = PBXGroup;
			children = (
				317DCE661C60969300B1F56F /* AppDelegate.h */,
				317DCE671C60969300B1F56F /* AppDelegate.m */,
				317DCE691C60969300B1F56F /* ViewController.h */,
				317DCE6A1C60969300B1F56F /* ViewController.m */,
				317DCE6C1C60969300B1F56F /* Main.storyboard */,
				317DCE6F1C60969300B1F56F /* Assets.xcassets */,
				317DCE711C60969300B1F56F /* LaunchScreen.storyboard */,
				317DCE741C60969300B1F56F /* Info.plist */,
				317DCE631C60969300B1F56F /* Supporting Files */,
			);
			path = WolfTools;
			sourceTree = "<group>";
		};
		317DCE631C60969300B1F56F /* Supporting Files */ = {
			isa = PBXGroup;
			children = (
				317DCE641C60969300B1F56F /* main.m */,
			);
			name = "Supporting Files";
			sourceTree = "<group>";
		};
/* End PBXGroup section */

/* Begin PBXNativeTarget section */
		317DCE5F1C60969300B1F56F /* WolfTools */ = {
			isa = PBXNativeTarget;
			buildConfigurationList = 317DCE771C60969300B1F56F /* Build configuration list for PBXNativeTarget "WolfTools" */;
			buildPhases = (
				317DCE5C1C60969300B1F56F /* Sources */,
				317DCE5D1C60969300B1F56F /* Frameworks */,
				317DCE5E1C60969300B1F56F /* Resources */,
			);
			buildRules = (
			);
			dependencies = (
			);
			name = WolfTools;
			productName = WolfTools;
			productReference = 317DCE601C60969300B1F56F /* WolfTools.app */;
			productType = "com.apple.product-type.application";
		};
/* End PBXNativeTarget section */

/* Begin PBXProject section */
		317DCE581C60969300B1F56F /* Project object */ = {
			isa = PBXProject;
			attributes = {
				LastUpgradeCheck = 0720;
				ORGANIZATIONNAME = WolfCub;
				TargetAttributes = {
					317DCE5F1C60969300B1F56F = {
						CreatedOnToolsVersion = 7.2;
					};
				};
			};
			buildConfigurationList = 317DCE5B1C60969300B1F56F /* Build configuration list for PBXProject "WolfTools" */;
			compatibilityVersion = "Xcode 3.2";
			developmentRegion = English;
			hasScannedForEncodings = 0;
			knownRegions = (
				en,
				Base,
			);
			mainGroup = 317DCE571C60969300B1F56F;
			productRefGroup = 317DCE611C60969300B1F56F /* Products */;
			projectDirPath = "";
			projectRoot = "";
			targets = (
				317DCE5F1C60969300B1F56F /* WolfTools */,
			);
		};
/* End PBXProject section */

/* Begin PBXResourcesBuildPhase section */
		317DCE5E1C60969300B1F56F /* Resources */ = {
			isa = PBXResourcesBuildPhase;
			buildActionMask = 2147483647;
			files = (
				317DCE731C60969300B1F56F /* LaunchScreen.storyboard in Resources */,
				317DCE701C60969300B1F56F /* Assets.xcassets in Resources */,
				317DCE6E1C60969300B1F56F /* Main.storyboard in Resources */,
			);
			runOnlyForDeploymentPostprocessing = 0;
		};
/* End PBXResourcesBuildPhase section */

/* Begin PBXSourcesBuildPhase section */
		317DCE5C1C60969300B1F56F /* Sources */ = {
			isa = PBXSourcesBuildPhase;
			buildActionMask = 2147483647;
			files = (
				317DCE6B1C60969300B1F56F /* ViewController.m in Sources */,
				317DCE681C60969300B1F56F /* AppDelegate.m in Sources */,
				317DCE651C60969300B1F56F /* main.m in Sources */,
			);
			runOnlyForDeploymentPostprocessing = 0;
		};
/* End PBXSourcesBuildPhase section */

/* Begin PBXVariantGroup section */
		317DCE6C1C60969300B1F56F /* Main.storyboard */ = {
			isa = PBXVariantGroup;
			children = (
				317DCE6D1C60969300B1F56F /* Base */,
			);
			name = Main.storyboard;
			sourceTree = "<group>";
		};
		317DCE711C60969300B1F56F /* LaunchScreen.storyboard */ = {
			isa = PBXVariantGroup;
			children = (
				317DCE721C60969300B1F56F /* Base */,
			);
			name = LaunchScreen.storyboard;
			sourceTree = "<group>";
		};
/* End PBXVariantGroup section */

/* Begin XCBuildConfiguration section */
		317DCE751C60969300B1F56F /* Debug */ = {
			isa = XCBuildConfiguration;
			buildSettings = {
				ALWAYS_SEARCH_USER_PATHS = NO;
				CLANG_CXX_LANGUAGE_STANDARD = "gnu++0x";
				CLANG_CXX_LIBRARY = "libc++";
				CLANG_ENABLE_MODULES = YES;
				CLANG_ENABLE_OBJC_ARC = YES;
				CLANG_WARN_BOOL_CONVERSION = YES;
				CLANG_WARN_CONSTANT_CONVERSION = YES;
				CLANG_WARN_DIRECT_OBJC_ISA_USAGE = YES_ERROR;
				CLANG_WARN_EMPTY_BODY = YES;
				CLANG_WARN_ENUM_CONVERSION = YES;
				CLANG_WARN_INT_CONVERSION = YES;
				CLANG_WARN_OBJC_ROOT_CLASS = YES_ERROR;
				CLANG_WARN_UNREACHABLE_CODE = YES;
				CLANG_WARN__DUPLICATE_METHOD_MATCH = YES;
				"CODE_SIGN_IDENTITY[sdk=iphoneos*]" = "iPhone Developer";
				COPY_PHASE_STRIP = NO;
				DEBUG_INFORMATION_FORMAT = dwarf;
				ENABLE_STRICT_OBJC_MSGSEND = YES;
				ENABLE_TESTABILITY = YES;
				GCC_C_LANGUAGE_STANDARD = gnu99;
				GCC_DYNAMIC_NO_PIC = NO;
				GCC_NO_COMMON_BLOCKS = YES;
				GCC_OPTIMIZATION_LEVEL = 0;
				GCC_PREPROCESSOR_DEFINITIONS = (
					"DEBUG=1",
					"$(inherited)",
				);
				GCC_WARN_64_TO_32_BIT_CONVERSION = YES;
				GCC_WARN_ABOUT_RETURN_TYPE = YES_ERROR;
				GCC_WARN_UNDECLARED_SELECTOR = YES;
				GCC_WARN_UNINITIALIZED_AUTOS = YES_AGGRESSIVE;
				GCC_WARN_UNUSED_FUNCTION = YES;
				GCC_WARN_UNUSED_VARIABLE = YES;
				IPHONEOS_DEPLOYMENT_TARGET = 9.2;
				MTL_ENABLE_DEBUG_INFO = YES;
				ONLY_ACTIVE_ARCH = YES;
				SDKROOT = iphoneos;
				TARGETED_DEVICE_FAMILY = "1,2";
			};
			name = Debug;
		};
		317DCE761C60969300B1F56F /* Release */ = {
			isa = XCBuildConfiguration;
			buildSettings = {
				ALWAYS_SEARCH_USER_PATHS = NO;
				CLANG_CXX_LANGUAGE_STANDARD = "gnu++0x";
				CLANG_CXX_LIBRARY = "libc++";
				CLANG_ENABLE_MODULES = YES;
				CLANG_ENABLE_OBJC_ARC = YES;
				CLANG_WARN_BOOL_CONVERSION = YES;
				CLANG_WARN_CONSTANT_CONVERSION = YES;
				CLANG_WARN_DIRECT_OBJC_ISA_USAGE = YES_ERROR;
				CLANG_WARN_EMPTY_BODY = YES;
				CLANG_WARN_ENUM_CONVERSION = YES;
				CLANG_WARN_INT_CONVERSION = YES;
				CLANG_WARN_OBJC_ROOT_CLASS = YES_ERROR;
				CLANG_WARN_UNREACHABLE_CODE = YES;
				CLANG_WARN__DUPLICATE_METHOD_MATCH = YES;
				"CODE_SIGN_IDENTITY[sdk=iphoneos*]" = "iPhone Developer";
				COPY_PHASE_STRIP = NO;
				DEBUG_INFORMATION_FORMAT = "dwarf-with-dsym";
				ENABLE_NS_ASSERTIONS = NO;
				ENABLE_STRICT_OBJC_MSGSEND = YES;
				GCC_C_LANGUAGE_STANDARD = gnu99;
				GCC_NO_COMMON_BLOCKS = YES;
				GCC_WARN_64_TO_32_BIT_CONVERSION = YES;
				GCC_WARN_ABOUT_RETURN_TYPE = YES_ERROR;
				GCC_WARN_UNDECLARED_SELECTOR = YES;
				GCC_WARN_UNINITIALIZED_AUTOS = YES_AGGRESSIVE;
				GCC_WARN_UNUSED_FUNCTION = YES;
				GCC_WARN_UNUSED_VARIABLE = YES;
				IPHONEOS_DEPLOYMENT_TARGET = 9.2;
				MTL_ENABLE_DEBUG_INFO = NO;
				SDKROOT = iphoneos;
				TARGETED_DEVICE_FAMILY = "1,2";
				VALIDATE_PRODUCT = YES;
			};
			name = Release;
		};
		317DCE781C60969300B1F56F /* Debug */ = {
			isa = XCBuildConfiguration;
			buildSettings = {
				ASSETCATALOG_COMPILER_APPICON_NAME = AppIcon;
				INFOPLIST_FILE = WolfTools/Info.plist;
				LD_RUNPATH_SEARCH_PATHS = "$(inherited) @executable_path/Frameworks";
				PRODUCT_BUNDLE_IDENTIFIER = com.tincent.WolfTools;
				PRODUCT_NAME = "$(TARGET_NAME)";
			};
			name = Debug;
		};
		317DCE791C60969300B1F56F /* Release */ = {
			isa = XCBuildConfiguration;
			buildSettings = {
				ASSETCATALOG_COMPILER_APPICON_NAME = AppIcon;
				INFOPLIST_FILE = WolfTools/Info.plist;
				LD_RUNPATH_SEARCH_PATHS = "$(inherited) @executable_path/Frameworks";
				PRODUCT_BUNDLE_IDENTIFIER = com.tincent.WolfTools;
				PRODUCT_NAME = "$(TARGET_NAME)";
			};
			name = Release;
		};
/* End XCBuildConfiguration section */

/* Begin XCConfigurationList section */
		317DCE5B1C60969300B1F56F /* Build configuration list for PBXProject "WolfTools" */ = {
			isa = XCConfigurationList;
			buildConfigurations = (
				317DCE751C60969300B1F56F /* Debug */,
				317DCE761C60969300B1F56F /* Release */,
			);
			defaultConfigurationIsVisible = 0;
			defaultConfigurationName = Release;
		};
		317DCE771C60969300B1F56F /* Build configuration list for PBXNativeTarget "WolfTools" */ = {
			isa = XCConfigurationList;
			buildConfigurations = (
				317DCE781C60969300B1F56F /* Debug */,
				317DCE791C60969300B1F56F /* Release */,
			);
			defaultConfigurationIsVisible = 0;
		};
/* End XCConfigurationList section */
	};
	rootObject = 317DCE581C60969300B1F56F /* Project object */;
}
